
Microsoft Visual Studio Solution File, Format Version 12.00
# Visual Studio Version 16
VisualStudioVersion = 16.0.32901.82
MinimumVisualStudioVersion = 10.0.40219.1
Project("{9A19103F-16F7-4668-BE54-9A1E7A4F7556}") = "CloudNativeWebApplications", "CloudNativeWebApplications\CloudNativeWebApplications.csproj", "{5FA5E77A-61AE-4961-B591-8F45CC1A867D}"
EndProject
Global
	GlobalSection(SolutionConfigurationPlatforms) = preSolution
		Debug|Any CPU = Debug|Any CPU
		Release|Any CPU = Release|Any CPU
	EndGlobalSection
	GlobalSection(ProjectConfigurationPlatforms) = postSolution
		{5FA5E77A-61AE-4961-B591-8F45CC1A867D}.Debug|Any CPU.ActiveCfg = Debug|Any CPU
		{5FA5E77A-61AE-4961-B591-8F45CC1A867D}.Debug|Any CPU.Build.0 = Debug|Any CPU
		{5FA5E77A-61AE-4961-B591-8F45CC1A867D}.Release|Any CPU.ActiveCfg = Release|Any CPU
		{5FA5E77A-61AE-4961-B591-8F45CC1A867D}.Release|Any CPU.Build.0 = Release|Any CPU
	EndGlobalSection
	GlobalSection(SolutionProperties) = preSolution
		HideSolutionNode = FALSE
	EndGlobalSection
	GlobalSection(ExtensibilityGlobals) = postSolution
		SolutionGuid = {B33E35BA-600D-45A9-92AA-D65CF1F33165}
	EndGlobalSection
EndGlobal
